
Microsoft Visual Studio Solution File, Format Version 12.00
# Visual Studio Version 16
VisualStudioVersion = 16.0.30309.148
MinimumVisualStudioVersion = 10.0.40219.1
Project("{FAE04EC0-301F-11D3-BF4B-00C04F79EFBC}") = "ErrorLookUp", "ErrorLookup\ErrorLookUp.csproj", "{9E0CAE17-082A-4E3F-AE14-98869405DD36}"
EndProject
Project("{FAE04EC0-301F-11D3-BF4B-00C04F79EFBC}") = "ErrorResources", "ErrorResources\ErrorResources.csproj", "{8278B46F-5DE5-4A34-BD0E-57978CE63841}"
EndProject
Project("{FAE04EC0-301F-11D3-BF4B-00C04F79EFBC}") = "CommonFunctions", "CommonFunctions\CommonFunctions.csproj", "{7353CB9E-082F-49A5-858F-0C6B65FAEDAA}"
EndProject
Global
	GlobalSection(SolutionConfigurationPlatforms) = preSolution
		Debug|Any CPU = Debug|Any CPU
		Release|Any CPU = Release|Any CPU
	EndGlobalSection
	GlobalSection(ProjectConfigurationPlatforms) = postSolution
		{9E0CAE17-082A-4E3F-AE14-98869405DD36}.Debug|Any CPU.ActiveCfg = Debug|Any CPU
		{9E0CAE17-082A-4E3F-AE14-98869405DD36}.Debug|Any CPU.Build.0 = Debug|Any CPU
		{9E0CAE17-082A-4E3F-AE14-98869405DD36}.Release|Any CPU.ActiveCfg = Release|Any CPU
		{9E0CAE17-082A-4E3F-AE14-98869405DD36}.Release|Any CPU.Build.0 = Release|Any CPU
		{8278B46F-5DE5-4A34-BD0E-57978CE63841}.Debug|Any CPU.ActiveCfg = Debug|Any CPU
		{8278B46F-5DE5-4A34-BD0E-57978CE63841}.Debug|Any CPU.Build.0 = Debug|Any CPU
		{8278B46F-5DE5-4A34-BD0E-57978CE63841}.Release|Any CPU.ActiveCfg = Release|Any CPU
		{8278B46F-5DE5-4A34-BD0E-57978CE63841}.Release|Any CPU.Build.0 = Release|Any CPU
		{7353CB9E-082F-49A5-858F-0C6B65FAEDAA}.Debug|Any CPU.ActiveCfg = Debug|Any CPU
		{7353CB9E-082F-49A5-858F-0C6B65FAEDAA}.Debug|Any CPU.Build.0 = Debug|Any CPU
		{7353CB9E-082F-49A5-858F-0C6B65FAEDAA}.Release|Any CPU.ActiveCfg = Release|Any CPU
		{7353CB9E-082F-49A5-858F-0C6B65FAEDAA}.Release|Any CPU.Build.0 = Release|Any CPU
	EndGlobalSection
	GlobalSection(SolutionProperties) = preSolution
		HideSolutionNode = FALSE
	EndGlobalSection
	GlobalSection(ExtensibilityGlobals) = postSolution
		SolutionGuid = {E9007208-B7CB-46BF-8100-8F44CE0FD1BF}
	EndGlobalSection
EndGlobal
